
Microsoft Visual Studio Solution File, Format Version 12.00
# Visual Studio Version 17
VisualStudioVersion = 17.10.34916.146
MinimumVisualStudioVersion = 10.0.40219.1
Project("{FAE04EC0-301F-11D3-BF4B-00C04F79EFBC}") = "P01-List", "P01-List\P01-List.csproj", "{FEC1E572-839D-4136-BCAB-C8D2B69600B3}"
EndProject
Global
	GlobalSection(SolutionConfigurationPlatforms) = preSolution
		Debug|Any CPU = Debug|Any CPU
		Release|Any CPU = Release|Any CPU
	EndGlobalSection
	GlobalSection(ProjectConfigurationPlatforms) = postSolution
		{FEC1E572-839D-4136-BCAB-C8D2B69600B3}.Debug|Any CPU.ActiveCfg = Debug|Any CPU
		{FEC1E572-839D-4136-BCAB-C8D2B69600B3}.Debug|Any CPU.Build.0 = Debug|Any CPU
		{FEC1E572-839D-4136-BCAB-C8D2B69600B3}.Release|Any CPU.ActiveCfg = Release|Any CPU
		{FEC1E572-839D-4136-BCAB-C8D2B69600B3}.Release|Any CPU.Build.0 = Release|Any CPU
	EndGlobalSection
	GlobalSection(SolutionProperties) = preSolution
		HideSolutionNode = FALSE
	EndGlobalSection
	GlobalSection(ExtensibilityGlobals) = postSolution
		SolutionGuid = {691084A8-3C99-4571-9568-FF5B454EA86D}
	EndGlobalSection
EndGlobal
